
Microsoft Visual Studio Solution File, Format Version 12.00
# Visual Studio Version 16
VisualStudioVersion = 16.0.30804.86
MinimumVisualStudioVersion = 10.0.40219.1
Project("{FAE04EC0-301F-11D3-BF4B-00C04F79EFBC}") = "pantry_app", "pantry_app.csproj", "{2DCF152F-F02C-4B0F-B482-4ABA3048D1EB}"
EndProject
Project("{2150E333-8FDC-42A3-9474-1A3956D46DE8}") = "Solution Items", "Solution Items", "{FBB42BEB-CE5D-4147-92C8-BE00FCF0EB72}"
	ProjectSection(SolutionItems) = preProject
		.editorconfig = .editorconfig
	EndProjectSection
EndProject
Global
	GlobalSection(SolutionConfigurationPlatforms) = preSolution
		Debug|Any CPU = Debug|Any CPU
		Release|Any CPU = Release|Any CPU
	EndGlobalSection
	GlobalSection(ProjectConfigurationPlatforms) = postSolution
		{2DCF152F-F02C-4B0F-B482-4ABA3048D1EB}.Debug|Any CPU.ActiveCfg = Debug|Any CPU
		{2DCF152F-F02C-4B0F-B482-4ABA3048D1EB}.Debug|Any CPU.Build.0 = Debug|Any CPU
		{2DCF152F-F02C-4B0F-B482-4ABA3048D1EB}.Release|Any CPU.ActiveCfg = Release|Any CPU
		{2DCF152F-F02C-4B0F-B482-4ABA3048D1EB}.Release|Any CPU.Build.0 = Release|Any CPU
	EndGlobalSection
	GlobalSection(SolutionProperties) = preSolution
		HideSolutionNode = FALSE
	EndGlobalSection
	GlobalSection(ExtensibilityGlobals) = postSolution
		SolutionGuid = {70BF18F9-F472-4E07-8CE8-D88F4612FBAE}
	EndGlobalSection
EndGlobal
